hash: f46ae71df401eaae5097a172cbd1e125365a2f252ed4c552301877cfe471fd6e
updated: 2017-02-16T18:58:18.8005665+01:00
imports:
- name: github.com/andybalholm/cascadia
  version: 3ad29d1ad1c4f2023e355603324348cf1f4b2d48
- name: github.com/asaskevich/govalidator
  version: 7b3beb6df3c42abd3509abfc3bcacc0fbfb7c877
- name: github.com/cenkalti/log
  version: 958ee7afc008e65fe479a565819a25b30af0ec65
- name: github.com/dgrijalva/jwt-go
  version: 2268707a8f0843315e2004ee4f1d021dc08baedf
- name: github.com/fatih/color
  version: 5ec5d9d3c2cf82e9688b34e9bc27a94d616a7193
- name: github.com/gin-gonic/gin
  version: e2212d40c62a98b388a5eb48ecbdcf88534688ba
  subpackages:
  - binding
  - render
- name: github.com/go-gorp/gorp
  version: 4deece61034873cb5b5416e81abe4cea7bd0da72
- name: github.com/go-sql-driver/mysql
  version: a0583e0143b1624142adab07e0e97fe106d99561
- name: github.com/golang/protobuf
  version: 8ee79997227bf9b34611aee7946ae64735e6fd93
  subpackages:
  - proto
- name: github.com/google/go-github
  version: c9c37fd6ce0247943d1aa34fc3813c62c5cb0225
  subpackages:
  - github
- name: github.com/google/go-querystring
  version: 53e6ce116135b80d037921a7fdd5138cf32d7a8a
  subpackages:
  - query
- name: github.com/gosexy/to
  version: 3962e3902237286c83772cfbe0fa68fc87c9b547
- name: github.com/hashicorp/errwrap
  version: 7554cd9344cec97297fa6649b055a8c98c2a1e55
- name: github.com/hashicorp/go-multierror
  version: ed905158d87462226a13fe39ddf685ea65f1c11f
- name: github.com/itsjamie/gin-cors
  version: 97b4a9da79331dfa2b6d35f4cdd1e50f5148859c
- name: github.com/manucorporat/sse
  version: c142f0f1baea5cef7f98a8a6c222f6134368c1f5
- name: github.com/mattn/go-colorable
  version: d67e0b7d1797975196499f79bcc322c08b9f218b
- name: github.com/mattn/go-isatty
  version: 56b76bdf51f7708750eac80fa38b952bb9f32639
- name: github.com/pariz/gountries
  version: 01a8f4c7c6e404b6529ada4b5e25f00672670f6d
- name: github.com/PuerkitoBio/goquery
  version: e1271ee34c6a305e38566ecd27ae374944907ee9
- name: github.com/russross/blackfriday
  version: 5f33e7b7878355cd2b7e6b8eefc48a5472c69f70
- name: github.com/securityfirst/tent
  version: c6c39564d903dddcb8541de2cd2edb50906dfe1b
  subpackages:
  - auth
  - component
  - models
  - repo
- name: github.com/sergi/go-diff
  version: 24e2351369ec4949b2ed0dc5c477afdd4c4034e8
  subpackages:
  - diffmatchpatch
- name: github.com/shurcooL/sanitized_anchor_name
  version: 1dba4b3954bc059efc3991ec364f9f9a35f597d2
- name: github.com/tmilewski/goenv
  version: c7da341302c5a0c97a2ac2c2cce8d4bdc827ca16
- name: golang.org/x/crypto
  version: cc04154d65fb9296747569b107cfd05380b1ea3e
  subpackages:
  - bcrypt
  - blowfish
  - ssh
- name: golang.org/x/net
  version: 621fff363a1d9ad7fdd0bfa9d80a42881267deb4
  subpackages:
  - context
  - html
  - html/atom
- name: golang.org/x/oauth2
  version: 314dd2c0bf3ebd592ec0d20847d27e79d0dbe8dd
  subpackages:
  - github
  - internal
- name: golang.org/x/sys
  version: c8bc69bc2db9c57ccf979550bc69655df5039a8a
  subpackages:
  - unix
- name: google.golang.org/appengine
  version: a2c54d2174c17540446e0ced57d9d459af61bc1c
  subpackages:
  - internal
  - internal/base
  - internal/datastore
  - internal/log
  - internal/remote_api
  - internal/urlfetch
  - urlfetch
- name: gopkg.in/go-playground/validator.v8
  version: c193cecd124b5cc722d7ee5538e945bdb3348435
- name: gopkg.in/sourcegraph/go-vcsurl.v1
  version: 6b12603ea6fd7f84b8c90118face09df39ea10c6
- name: gopkg.in/src-d/go-git.v3
  version: 02c228585e543413479ea36d3a2bbc80a070eb93
  subpackages:
  - clients
  - clients/common
  - clients/http
  - clients/ssh
  - core
  - diff
  - formats/idxfile
  - formats/packfile
  - formats/pktline
  - storage/memory
  - storage/seekable
  - storage/seekable/internal/gitdir
  - storage/seekable/internal/index
  - utils/fs
- name: gopkg.in/yaml.v2
  version: a5b47d31c556af34a302ce5d659e6fea44d90de0
testImports: []
