hash: b05b7544afc30fb9c62a8439042db4acb1bde544bd93652c819ef0ac9d47deba
updated: 2016-11-28T03:57:42.232837375Z
imports:
- name: github.com/andybalholm/cascadia
  version: 3ad29d1ad1c4f2023e355603324348cf1f4b2d48
- name: github.com/asaskevich/govalidator
  version: 7b3beb6df3c42abd3509abfc3bcacc0fbfb7c877
- name: github.com/fatih/color
  version: dea9d3a26a087187530244679c1cfb3a42937794
- name: github.com/gin-gonic/gin
  version: 704d690ac0e25fcd060ff82f75f913e879e65a3c
  subpackages:
  - binding
  - render
- name: github.com/go-gorp/gorp
  version: 4deece61034873cb5b5416e81abe4cea7bd0da72
- name: github.com/go-sql-driver/mysql
  version: a732e14c62dde3285440047bba97581bc472ae18
- name: github.com/golang/protobuf
  version: 2402d76f3d41f928c7902a765dfc872356dd3aad
  subpackages:
  - proto
- name: github.com/gosexy/to
  version: 3962e3902237286c83772cfbe0fa68fc87c9b547
- name: github.com/itsjamie/gin-cors
  version: 97b4a9da79331dfa2b6d35f4cdd1e50f5148859c
- name: github.com/manucorporat/sse
  version: ee05b128a739a0fb76c7ebd3ae4810c1de808d6d
- name: github.com/mattn/go-colorable
  version: 40e4aedc8fabf8c23e040057540867186712faa5
- name: github.com/mattn/go-isatty
  version: 56b76bdf51f7708750eac80fa38b952bb9f32639
- name: github.com/pariz/gountries
  version: 01a8f4c7c6e404b6529ada4b5e25f00672670f6d
- name: github.com/PuerkitoBio/goquery
  version: 56a198aba89cdf7a612e6c762eff9d788b9f2dae
- name: github.com/tmilewski/goenv
  version: c7da341302c5a0c97a2ac2c2cce8d4bdc827ca16
- name: golang.org/x/crypto
  version: cc04154d65fb9296747569b107cfd05380b1ea3e
  subpackages:
  - bcrypt
  - blowfish
- name: golang.org/x/net
  version: f315505cf3349909cdf013ea56690da34e96a451
  subpackages:
  - context
  - html
  - html/atom
- name: golang.org/x/sys
  version: c8bc69bc2db9c57ccf979550bc69655df5039a8a
  subpackages:
  - unix
- name: gopkg.in/go-playground/validator.v8
  version: c193cecd124b5cc722d7ee5538e945bdb3348435
- name: gopkg.in/yaml.v2
  version: a5b47d31c556af34a302ce5d659e6fea44d90de0
testImports: []
